// !$*UTF8*$!
{
	archiveVersion = 1;
	classes = {
	};
	objectVersion = 56;
	objects = {

/* Begin PBXBuildFile section */
		6718A4202A93C775007F6265 /* AppDelegate.swift in Sources */ = {isa = PBXBuildFile; fileRef = 6718A41F2A93C775007F6265 /* AppDelegate.swift */; };
		6718A4222A93C775007F6265 /* SceneDelegate.swift in Sources */ = {isa = PBXBuildFile; fileRef = 6718A4212A93C775007F6265 /* SceneDelegate.swift */; };
		6718A4242A93C775007F6265 /* ViewController.swift in Sources */ = {isa = PBXBuildFile; fileRef = 6718A4232A93C775007F6265 /* ViewController.swift */; };
		6718A4272A93C775007F6265 /* Main.storyboard in Resources */ = {isa = PBXBuildFile; fileRef = 6718A4252A93C775007F6265 /* Main.storyboard */; };
		6718A4292A93C775007F6265 /* Assets.xcassets in Resources */ = {isa = PBXBuildFile; fileRef = 6718A4282A93C775007F6265 /* Assets.xcassets */; };
		6718A42C2A93C775007F6265 /* LaunchScreen.storyboard in Resources */ = {isa = PBXBuildFile; fileRef = 6718A42A2A93C775007F6265 /* LaunchScreen.storyboard */; };
		6718A43A2A93EDE9007F6265 /* hasansAssets.xcassets in Resources */ = {isa = PBXBuildFile; fileRef = 6718A4392A93EDE9007F6265 /* hasansAssets.xcassets */; };
		6718A43C2A94AFFA007F6265 /* QuestionViewController.swift in Sources */ = {isa = PBXBuildFile; fileRef = 6718A43B2A94AFFA007F6265 /* QuestionViewController.swift */; };
		6718A4402A94B764007F6265 /* FinalViewController.swift in Sources */ = {isa = PBXBuildFile; fileRef = 6718A43F2A94B764007F6265 /* FinalViewController.swift */; };
		6718A4422A94EDC0007F6265 /* QuestionModel.swift in Sources */ = {isa = PBXBuildFile; fileRef = 6718A4412A94EDC0007F6265 /* QuestionModel.swift */; };
		6718A4442A94EDC9007F6265 /* AnswerModel.swift in Sources */ = {isa = PBXBuildFile; fileRef = 6718A4432A94EDC9007F6265 /* AnswerModel.swift */; };
/* End PBXBuildFile section */

/* Begin PBXFileReference section */
		6718A41C2A93C775007F6265 /* QuizApp.app */ = {isa = PBXFileReference; explicitFileType = wrapper.application; includeInIndex = 0; path = QuizApp.app; sourceTree = BUILT_PRODUCTS_DIR; };
		6718A41F2A93C775007F6265 /* AppDelegate.swift */ = {isa = PBXFileReference; lastKnownFileType = sourcecode.swift; path = AppDelegate.swift; sourceTree = "<group>"; };
		6718A4212A93C775007F6265 /* SceneDelegate.swift */ = {isa = PBXFileReference; lastKnownFileType = sourcecode.swift; path = SceneDelegate.swift; sourceTree = "<group>"; };
		6718A4232A93C775007F6265 /* ViewController.swift */ = {isa = PBXFileReference; lastKnownFileType = sourcecode.swift; path = ViewController.swift; sourceTree = "<group>"; };
		6718A4262A93C775007F6265 /* Base */ = {isa = PBXFileReference; lastKnownFileType = file.storyboard; name = Base; path = Base.lproj/Main.storyboard; sourceTree = "<group>"; };
		6718A4282A93C775007F6265 /* Assets.xcassets */ = {isa = PBXFileReference; lastKnownFileType = folder.assetcatalog; path = Assets.xcassets; sourceTree = "<group>"; };
		6718A42B2A93C775007F6265 /* Base */ = {isa = PBXFileReference; lastKnownFileType = file.storyboard; name = Base; path = Base.lproj/LaunchScreen.storyboard; sourceTree = "<group>"; };
		6718A42D2A93C775007F6265 /* Info.plist */ = {isa = PBXFileReference; lastKnownFileType = text.plist.xml; path = Info.plist; sourceTree = "<group>"; };
		6718A4392A93EDE9007F6265 /* hasansAssets.xcassets */ = {isa = PBXFileReference; lastKnownFileType = folder.assetcatalog; path = hasansAssets.xcassets; sourceTree = "<group>"; };
		6718A43B2A94AFFA007F6265 /* QuestionViewController.swift */ = {isa = PBXFileReference; lastKnownFileType = sourcecode.swift; path = QuestionViewController.swift; sourceTree = "<group>"; };
		6718A43F2A94B764007F6265 /* FinalViewController.swift */ = {isa = PBXFileReference; lastKnownFileType = sourcecode.swift; path = FinalViewController.swift; sourceTree = "<group>"; };
		6718A4412A94EDC0007F6265 /* QuestionModel.swift */ = {isa = PBXFileReference; lastKnownFileType = sourcecode.swift; path = QuestionModel.swift; sourceTree = "<group>"; };
		6718A4432A94EDC9007F6265 /* AnswerModel.swift */ = {isa = PBXFileReference; lastKnownFileType = sourcecode.swift; path = AnswerModel.swift; sourceTree = "<group>"; };
/* End PBXFileReference section */

/* Begin PBXFrameworksBuildPhase section */
		6718A4192A93C775007F6265 /* Frameworks */ = {
			isa = PBXFrameworksBuildPhase;
			buildActionMask = 2147483647;
			files = (
			);
			runOnlyForDeploymentPostprocessing = 0;
		};
/* End PBXFrameworksBuildPhase section */

/* Begin PBXGroup section */
		6718A4132A93C775007F6265 = {
			isa = PBXGroup;
			children = (
				6718A41E2A93C775007F6265 /* QuizApp */,
				6718A41D2A93C775007F6265 /* Products */,
			);
			sourceTree = "<group>";
		};
		6718A41D2A93C775007F6265 /* Products */ = {
			isa = PBXGroup;
			children = (
				6718A41C2A93C775007F6265 /* QuizApp.app */,
			);
			name = Products;
			sourceTree = "<group>";
		};
		6718A41E2A93C775007F6265 /* QuizApp */ = {
			isa = PBXGroup;
			children = (
				6718A4332A93EB98007F6265 /* Storyboards */,
				6718A4372A93ED61007F6265 /* Models */,
				6718A4382A93ED75007F6265 /* Resources */,
				6718A4362A93ED4B007F6265 /* ViewControllers */,
				6718A4342A93ECCF007F6265 /* Supporting files */,
			);
			path = QuizApp;
			sourceTree = "<group>";
		};
		6718A4332A93EB98007F6265 /* Storyboards */ = {
			isa = PBXGroup;
			children = (
				6718A4252A93C775007F6265 /* Main.storyboard */,
				6718A42A2A93C775007F6265 /* LaunchScreen.storyboard */,
			);
			path = Storyboards;
			sourceTree = "<group>";
		};
		6718A4342A93ECCF007F6265 /* Supporting files */ = {
			isa = PBXGroup;
			children = (
				6718A41F2A93C775007F6265 /* AppDelegate.swift */,
				6718A4212A93C775007F6265 /* SceneDelegate.swift */,
				6718A42D2A93C775007F6265 /* Info.plist */,
			);
			path = "Supporting files";
			sourceTree = "<group>";
		};
		6718A4362A93ED4B007F6265 /* ViewControllers */ = {
			isa = PBXGroup;
			children = (
				6718A4232A93C775007F6265 /* ViewController.swift */,
				6718A43B2A94AFFA007F6265 /* QuestionViewController.swift */,
				6718A43F2A94B764007F6265 /* FinalViewController.swift */,
			);
			path = ViewControllers;
			sourceTree = "<group>";
		};
		6718A4372A93ED61007F6265 /* Models */ = {
			isa = PBXGroup;
			children = (
				6718A4412A94EDC0007F6265 /* QuestionModel.swift */,
				6718A4432A94EDC9007F6265 /* AnswerModel.swift */,
			);
			path = Models;
			sourceTree = "<group>";
		};
		6718A4382A93ED75007F6265 /* Resources */ = {
			isa = PBXGroup;
			children = (
				6718A4282A93C775007F6265 /* Assets.xcassets */,
				6718A4392A93EDE9007F6265 /* hasansAssets.xcassets */,
			);
			path = Resources;
			sourceTree = "<group>";
		};
/* End PBXGroup section */

/* Begin PBXNativeTarget section */
		6718A41B2A93C775007F6265 /* QuizApp */ = {
			isa = PBXNativeTarget;
			buildConfigurationList = 6718A4302A93C775007F6265 /* Build configuration list for PBXNativeTarget "QuizApp" */;
			buildPhases = (
				6718A4182A93C775007F6265 /* Sources */,
				6718A4192A93C775007F6265 /* Frameworks */,
				6718A41A2A93C775007F6265 /* Resources */,
			);
			buildRules = (
			);
			dependencies = (
			);
			name = QuizApp;
			productName = QuizApp;
			productReference = 6718A41C2A93C775007F6265 /* QuizApp.app */;
			productType = "com.apple.product-type.application";
		};
/* End PBXNativeTarget section */

/* Begin PBXProject section */
		6718A4142A93C775007F6265 /* Project object */ = {
			isa = PBXProject;
			attributes = {
				BuildIndependentTargetsInParallel = 1;
				LastSwiftUpdateCheck = 1430;
				LastUpgradeCheck = 1430;
				TargetAttributes = {
					6718A41B2A93C775007F6265 = {
						CreatedOnToolsVersion = 14.3.1;
					};
				};
			};
			buildConfigurationList = 6718A4172A93C775007F6265 /* Build configuration list for PBXProject "QuizApp" */;
			compatibilityVersion = "Xcode 14.0";
			developmentRegion = en;
			hasScannedForEncodings = 0;
			knownRegions = (
				en,
				Base,
			);
			mainGroup = 6718A4132A93C775007F6265;
			productRefGroup = 6718A41D2A93C775007F6265 /* Products */;
			projectDirPath = "";
			projectRoot = "";
			targets = (
				6718A41B2A93C775007F6265 /* QuizApp */,
			);
		};
/* End PBXProject section */

/* Begin PBXResourcesBuildPhase section */
		6718A41A2A93C775007F6265 /* Resources */ = {
			isa = PBXResourcesBuildPhase;
			buildActionMask = 2147483647;
			files = (
				6718A42C2A93C775007F6265 /* LaunchScreen.storyboard in Resources */,
				6718A4292A93C775007F6265 /* Assets.xcassets in Resources */,
				6718A43A2A93EDE9007F6265 /* hasansAssets.xcassets in Resources */,
				6718A4272A93C775007F6265 /* Main.storyboard in Resources */,
			);
			runOnlyForDeploymentPostprocessing = 0;
		};
/* End PBXResourcesBuildPhase section */

/* Begin PBXSourcesBuildPhase section */
		6718A4182A93C775007F6265 /* Sources */ = {
			isa = PBXSourcesBuildPhase;
			buildActionMask = 2147483647;
			files = (
				6718A4402A94B764007F6265 /* FinalViewController.swift in Sources */,
				6718A4242A93C775007F6265 /* ViewController.swift in Sources */,
				6718A4442A94EDC9007F6265 /* AnswerModel.swift in Sources */,
				6718A4202A93C775007F6265 /* AppDelegate.swift in Sources */,
				6718A4422A94EDC0007F6265 /* QuestionModel.swift in Sources */,
				6718A43C2A94AFFA007F6265 /* QuestionViewController.swift in Sources */,
				6718A4222A93C775007F6265 /* SceneDelegate.swift in Sources */,
			);
			runOnlyForDeploymentPostprocessing = 0;
		};
/* End PBXSourcesBuildPhase section */

/* Begin PBXVariantGroup section */
		6718A4252A93C775007F6265 /* Main.storyboard */ = {
			isa = PBXVariantGroup;
			children = (
				6718A4262A93C775007F6265 /* Base */,
			);
			name = Main.storyboard;
			sourceTree = "<group>";
		};
		6718A42A2A93C775007F6265 /* LaunchScreen.storyboard */ = {
			isa = PBXVariantGroup;
			children = (
				6718A42B2A93C775007F6265 /* Base */,
			);
			name = LaunchScreen.storyboard;
			sourceTree = "<group>";
		};
/* End PBXVariantGroup section */

/* Begin XCBuildConfiguration section */
		6718A42E2A93C775007F6265 /* Debug */ = {
			isa = XCBuildConfiguration;
			buildSettings = {
				ALWAYS_SEARCH_USER_PATHS = NO;
				CLANG_ANALYZER_NONNULL = YES;
				CLANG_ANALYZER_NUMBER_OBJECT_CONVERSION = YES_AGGRESSIVE;
				CLANG_CXX_LANGUAGE_STANDARD = "gnu++20";
				CLANG_ENABLE_MODULES = YES;
				CLANG_ENABLE_OBJC_ARC = YES;
				CLANG_ENABLE_OBJC_WEAK = YES;
				CLANG_WARN_BLOCK_CAPTURE_AUTORELEASING = YES;
				CLANG_WARN_BOOL_CONVERSION = YES;
				CLANG_WARN_COMMA = YES;
				CLANG_WARN_CONSTANT_CONVERSION = YES;
				CLANG_WARN_DEPRECATED_OBJC_IMPLEMENTATIONS = YES;
				CLANG_WARN_DIRECT_OBJC_ISA_USAGE = YES_ERROR;
				CLANG_WARN_DOCUMENTATION_COMMENTS = YES;
				CLANG_WARN_EMPTY_BODY = YES;
				CLANG_WARN_ENUM_CONVERSION = YES;
				CLANG_WARN_INFINITE_RECURSION = YES;
				CLANG_WARN_INT_CONVERSION = YES;
				CLANG_WARN_NON_LITERAL_NULL_CONVERSION = YES;
				CLANG_WARN_OBJC_IMPLICIT_RETAIN_SELF = YES;
				CLANG_WARN_OBJC_LITERAL_CONVERSION = YES;
				CLANG_WARN_OBJC_ROOT_CLASS = YES_ERROR;
				CLANG_WARN_QUOTED_INCLUDE_IN_FRAMEWORK_HEADER = YES;
				CLANG_WARN_RANGE_LOOP_ANALYSIS = YES;
				CLANG_WARN_STRICT_PROTOTYPES = YES;
				CLANG_WARN_SUSPICIOUS_MOVE = YES;
				CLANG_WARN_UNGUARDED_AVAILABILITY = YES_AGGRESSIVE;
				CLANG_WARN_UNREACHABLE_CODE = YES;
				CLANG_WARN__DUPLICATE_METHOD_MATCH = YES;
				COPY_PHASE_STRIP = NO;
				DEBUG_INFORMATION_FORMAT = dwarf;
				ENABLE_STRICT_OBJC_MSGSEND = YES;
				ENABLE_TESTABILITY = YES;
				GCC_C_LANGUAGE_STANDARD = gnu11;
				GCC_DYNAMIC_NO_PIC = NO;
				GCC_NO_COMMON_BLOCKS = YES;
				GCC_OPTIMIZATION_LEVEL = 0;
				GCC_PREPROCESSOR_DEFINITIONS = (
					"DEBUG=1",
					"$(inherited)",
				);
				GCC_WARN_64_TO_32_BIT_CONVERSION = YES;
				GCC_WARN_ABOUT_RETURN_TYPE = YES_ERROR;
				GCC_WARN_UNDECLARED_SELECTOR = YES;
				GCC_WARN_UNINITIALIZED_AUTOS = YES_AGGRESSIVE;
				GCC_WARN_UNUSED_FUNCTION = YES;
				GCC_WARN_UNUSED_VARIABLE = YES;
				IPHONEOS_DEPLOYMENT_TARGET = 16.4;
				MTL_ENABLE_DEBUG_INFO = INCLUDE_SOURCE;
				MTL_FAST_MATH = YES;
				ONLY_ACTIVE_ARCH = YES;
				SDKROOT = iphoneos;
				SWIFT_ACTIVE_COMPILATION_CONDITIONS = DEBUG;
				SWIFT_OPTIMIZATION_LEVEL = "-Onone";
			};
			name = Debug;
		};
		6718A42F2A93C775007F6265 /* Release */ = {
			isa = XCBuildConfiguration;
			buildSettings = {
				ALWAYS_SEARCH_USER_PATHS = NO;
				CLANG_ANALYZER_NONNULL = YES;
				CLANG_ANALYZER_NUMBER_OBJECT_CONVERSION = YES_AGGRESSIVE;
				CLANG_CXX_LANGUAGE_STANDARD = "gnu++20";
				CLANG_ENABLE_MODULES = YES;
				CLANG_ENABLE_OBJC_ARC = YES;
				CLANG_ENABLE_OBJC_WEAK = YES;
				CLANG_WARN_BLOCK_CAPTURE_AUTORELEASING = YES;
				CLANG_WARN_BOOL_CONVERSION = YES;
				CLANG_WARN_COMMA = YES;
				CLANG_WARN_CONSTANT_CONVERSION = YES;
				CLANG_WARN_DEPRECATED_OBJC_IMPLEMENTATIONS = YES;
				CLANG_WARN_DIRECT_OBJC_ISA_USAGE = YES_ERROR;
				CLANG_WARN_DOCUMENTATION_COMMENTS = YES;
				CLANG_WARN_EMPTY_BODY = YES;
				CLANG_WARN_ENUM_CONVERSION = YES;
				CLANG_WARN_INFINITE_RECURSION = YES;
				CLANG_WARN_INT_CONVERSION = YES;
				CLANG_WARN_NON_LITERAL_NULL_CONVERSION = YES;
				CLANG_WARN_OBJC_IMPLICIT_RETAIN_SELF = YES;
				CLANG_WARN_OBJC_LITERAL_CONVERSION = YES;
				CLANG_WARN_OBJC_ROOT_CLASS = YES_ERROR;
				CLANG_WARN_QUOTED_INCLUDE_IN_FRAMEWORK_HEADER = YES;
				CLANG_WARN_RANGE_LOOP_ANALYSIS = YES;
				CLANG_WARN_STRICT_PROTOTYPES = YES;
				CLANG_WARN_SUSPICIOUS_MOVE = YES;
				CLANG_WARN_UNGUARDED_AVAILABILITY = YES_AGGRESSIVE;
				CLANG_WARN_UNREACHABLE_CODE = YES;
				CLANG_WARN__DUPLICATE_METHOD_MATCH = YES;
				COPY_PHASE_STRIP = NO;
				DEBUG_INFORMATION_FORMAT = "dwarf-with-dsym";
				ENABLE_NS_ASSERTIONS = NO;
				ENABLE_STRICT_OBJC_MSGSEND = YES;
				GCC_C_LANGUAGE_STANDARD = gnu11;
				GCC_NO_COMMON_BLOCKS = YES;
				GCC_WARN_64_TO_32_BIT_CONVERSION = YES;
				GCC_WARN_ABOUT_RETURN_TYPE = YES_ERROR;
				GCC_WARN_UNDECLARED_SELECTOR = YES;
				GCC_WARN_UNINITIALIZED_AUTOS = YES_AGGRESSIVE;
				GCC_WARN_UNUSED_FUNCTION = YES;
				GCC_WARN_UNUSED_VARIABLE = YES;
				IPHONEOS_DEPLOYMENT_TARGET = 16.4;
				MTL_ENABLE_DEBUG_INFO = NO;
				MTL_FAST_MATH = YES;
				SDKROOT = iphoneos;
				SWIFT_COMPILATION_MODE = wholemodule;
				SWIFT_OPTIMIZATION_LEVEL = "-O";
				VALIDATE_PRODUCT = YES;
			};
			name = Release;
		};
		6718A4312A93C775007F6265 /* Debug */ = {
			isa = XCBuildConfiguration;
			buildSettings = {
				ASSETCATALOG_COMPILER_APPICON_NAME = AppIcon;
				ASSETCATALOG_COMPILER_GLOBAL_ACCENT_COLOR_NAME = AccentColor;
				CODE_SIGN_STYLE = Automatic;
				CURRENT_PROJECT_VERSION = 1;
				DEVELOPMENT_TEAM = Y2YV4697D7;
				GENERATE_INFOPLIST_FILE = YES;
				INFOPLIST_FILE = "QuizApp/Supporting files/Info.plist";
				INFOPLIST_KEY_UIApplicationSupportsIndirectInputEvents = YES;
				INFOPLIST_KEY_UILaunchStoryboardName = LaunchScreen;
				INFOPLIST_KEY_UIMainStoryboardFile = Main;
				INFOPLIST_KEY_UISupportedInterfaceOrientations_iPad = "UIInterfaceOrientationPortrait UIInterfaceOrientationPortraitUpsideDown UIInterfaceOrientationLandscapeLeft UIInterfaceOrientationLandscapeRight";
				INFOPLIST_KEY_UISupportedInterfaceOrientations_iPhone = "UIInterfaceOrientationPortrait UIInterfaceOrientationLandscapeLeft UIInterfaceOrientationLandscapeRight";
				LD_RUNPATH_SEARCH_PATHS = (
					"$(inherited)",
					"@executable_path/Frameworks",
				);
				MARKETING_VERSION = 1.0;
				PRODUCT_BUNDLE_IDENTIFIER = "Hasan-inc.QuizApp";
				PRODUCT_NAME = "$(TARGET_NAME)";
				SUPPORTED_PLATFORMS = "iphoneos iphonesimulator";
				SUPPORTS_MACCATALYST = NO;
				SUPPORTS_MAC_DESIGNED_FOR_IPHONE_IPAD = NO;
				SWIFT_EMIT_LOC_STRINGS = YES;
				SWIFT_VERSION = 5.0;
				TARGETED_DEVICE_FAMILY = 1;
			};
			name = Debug;
		};
		6718A4322A93C775007F6265 /* Release */ = {
			isa = XCBuildConfiguration;
			buildSettings = {
				ASSETCATALOG_COMPILER_APPICON_NAME = AppIcon;
				ASSETCATALOG_COMPILER_GLOBAL_ACCENT_COLOR_NAME = AccentColor;
				CODE_SIGN_STYLE = Automatic;
				CURRENT_PROJECT_VERSION = 1;
				DEVELOPMENT_TEAM = Y2YV4697D7;
				GENERATE_INFOPLIST_FILE = YES;
				INFOPLIST_FILE = "QuizApp/Supporting files/Info.plist";
				INFOPLIST_KEY_UIApplicationSupportsIndirectInputEvents = YES;
				INFOPLIST_KEY_UILaunchStoryboardName = LaunchScreen;
				INFOPLIST_KEY_UIMainStoryboardFile = Main;
				INFOPLIST_KEY_UISupportedInterfaceOrientations_iPad = "UIInterfaceOrientationPortrait UIInterfaceOrientationPortraitUpsideDown UIInterfaceOrientationLandscapeLeft UIInterfaceOrientationLandscapeRight";
				INFOPLIST_KEY_UISupportedInterfaceOrientations_iPhone = "UIInterfaceOrientationPortrait UIInterfaceOrientationLandscapeLeft UIInterfaceOrientationLandscapeRight";
				LD_RUNPATH_SEARCH_PATHS = (
					"$(inherited)",
					"@executable_path/Frameworks",
				);
				MARKETING_VERSION = 1.0;
				PRODUCT_BUNDLE_IDENTIFIER = "Hasan-inc.QuizApp";
				PRODUCT_NAME = "$(TARGET_NAME)";
				SUPPORTED_PLATFORMS = "iphoneos iphonesimulator";
				SUPPORTS_MACCATALYST = NO;
				SUPPORTS_MAC_DESIGNED_FOR_IPHONE_IPAD = NO;
				SWIFT_EMIT_LOC_STRINGS = YES;
				SWIFT_VERSION = 5.0;
				TARGETED_DEVICE_FAMILY = 1;
			};
			name = Release;
		};
/* End XCBuildConfiguration section */

/* Begin XCConfigurationList section */
		6718A4172A93C775007F6265 /* Build configuration list for PBXProject "QuizApp" */ = {
			isa = XCConfigurationList;
			buildConfigurations = (
				6718A42E2A93C775007F6265 /* Debug */,
				6718A42F2A93C775007F6265 /* Release */,
			);
			defaultConfigurationIsVisible = 0;
			defaultConfigurationName = Release;
		};
		6718A4302A93C775007F6265 /* Build configuration list for PBXNativeTarget "QuizApp" */ = {
			isa = XCConfigurationList;
			buildConfigurations = (
				6718A4312A93C775007F6265 /* Debug */,
				6718A4322A93C775007F6265 /* Release */,
			);
			defaultConfigurationIsVisible = 0;
			defaultConfigurationName = Release;
		};
/* End XCConfigurationList section */
	};
	rootObject = 6718A4142A93C775007F6265 /* Project object */;
}
